// !$*UTF8*$!
{
	archiveVersion = 1;
	classes = {
	};
	objectVersion = 46;
	objects = {

/* Begin PBXBuildFile section */
		B14C23BB97764F7632998520 /* Pods_MGReSwiftDemo.framework in Frameworks */ = {isa = PBXBuildFile; fileRef = D10D37C257A8B04FB85461A5 /* Pods_MGReSwiftDemo.framework */; };
		BC2A70A51E5ACCE50038B3F9 /* AppDelegate.swift in Sources */ = {isa = PBXBuildFile; fileRef = BC2A70A41E5ACCE50038B3F9 /* AppDelegate.swift */; };
		BC2A70AA1E5ACCE50038B3F9 /* Main.storyboard in Resources */ = {isa = PBXBuildFile; fileRef = BC2A70A81E5ACCE50038B3F9 /* Main.storyboard */; };
		BC2A70AC1E5ACCE50038B3F9 /* Assets.xcassets in Resources */ = {isa = PBXBuildFile; fileRef = BC2A70AB1E5ACCE50038B3F9 /* Assets.xcassets */; };
		BC2A70AF1E5ACCE50038B3F9 /* LaunchScreen.storyboard in Resources */ = {isa = PBXBuildFile; fileRef = BC2A70AD1E5ACCE50038B3F9 /* LaunchScreen.storyboard */; };
		BC2A70BA1E5AD6B10038B3F9 /* ProductListViewController.swift in Sources */ = {isa = PBXBuildFile; fileRef = BC2A70B91E5AD6B10038B3F9 /* ProductListViewController.swift */; };
		BC2A70BE1E5AD6D50038B3F9 /* ProductDataStore.swift in Sources */ = {isa = PBXBuildFile; fileRef = BC2A70BD1E5AD6D50038B3F9 /* ProductDataStore.swift */; };
		BC2A70C01E5AD6DC0038B3F9 /* Product.swift in Sources */ = {isa = PBXBuildFile; fileRef = BC2A70BF1E5AD6DC0038B3F9 /* Product.swift */; };
		BC2A70C21E5AD9950038B3F9 /* ProductDetailsViewController.swift in Sources */ = {isa = PBXBuildFile; fileRef = BC2A70C11E5AD9950038B3F9 /* ProductDetailsViewController.swift */; };
		BC2C3B021E600B5D00407B14 /* AppState.swift in Sources */ = {isa = PBXBuildFile; fileRef = BC2C3B011E600B5D00407B14 /* AppState.swift */; };
		BC2C3B041E600B9400407B14 /* ProductReducer.swift in Sources */ = {isa = PBXBuildFile; fileRef = BC2C3B031E600B9400407B14 /* ProductReducer.swift */; };
		BC2C3B061E600BC000407B14 /* Actions.swift in Sources */ = {isa = PBXBuildFile; fileRef = BC2C3B051E600BC000407B14 /* Actions.swift */; };
/* End PBXBuildFile section */

/* Begin PBXFileReference section */
		BC2A70A11E5ACCE50038B3F9 /* MGReSwiftDemo.app */ = {isa = PBXFileReference; explicitFileType = wrapper.application; includeInIndex = 0; path = MGReSwiftDemo.app; sourceTree = BUILT_PRODUCTS_DIR; };
		BC2A70A41E5ACCE50038B3F9 /* AppDelegate.swift */ = {isa = PBXFileReference; lastKnownFileType = sourcecode.swift; path = AppDelegate.swift; sourceTree = "<group>"; };
		BC2A70A91E5ACCE50038B3F9 /* Base */ = {isa = PBXFileReference; lastKnownFileType = file.storyboard; name = Base; path = Base.lproj/Main.storyboard; sourceTree = "<group>"; };
		BC2A70AB1E5ACCE50038B3F9 /* Assets.xcassets */ = {isa = PBXFileReference; lastKnownFileType = folder.assetcatalog; path = Assets.xcassets; sourceTree = "<group>"; };
		BC2A70AE1E5ACCE50038B3F9 /* Base */ = {isa = PBXFileReference; lastKnownFileType = file.storyboard; name = Base; path = Base.lproj/LaunchScreen.storyboard; sourceTree = "<group>"; };
		BC2A70B01E5ACCE50038B3F9 /* Info.plist */ = {isa = PBXFileReference; lastKnownFileType = text.plist.xml; path = Info.plist; sourceTree = "<group>"; };
		BC2A70B91E5AD6B10038B3F9 /* ProductListViewController.swift */ = {isa = PBXFileReference; fileEncoding = 4; lastKnownFileType = sourcecode.swift; path = ProductListViewController.swift; sourceTree = "<group>"; };
		BC2A70BD1E5AD6D50038B3F9 /* ProductDataStore.swift */ = {isa = PBXFileReference; fileEncoding = 4; lastKnownFileType = sourcecode.swift; path = ProductDataStore.swift; sourceTree = "<group>"; };
		BC2A70BF1E5AD6DC0038B3F9 /* Product.swift */ = {isa = PBXFileReference; fileEncoding = 4; lastKnownFileType = sourcecode.swift; path = Product.swift; sourceTree = "<group>"; };
		BC2A70C11E5AD9950038B3F9 /* ProductDetailsViewController.swift */ = {isa = PBXFileReference; fileEncoding = 4; lastKnownFileType = sourcecode.swift; path = ProductDetailsViewController.swift; sourceTree = "<group>"; };
		BC2C3B011E600B5D00407B14 /* AppState.swift */ = {isa = PBXFileReference; fileEncoding = 4; lastKnownFileType = sourcecode.swift; path = AppState.swift; sourceTree = "<group>"; };
		BC2C3B031E600B9400407B14 /* ProductReducer.swift */ = {isa = PBXFileReference; fileEncoding = 4; lastKnownFileType = sourcecode.swift; path = ProductReducer.swift; sourceTree = "<group>"; };
		BC2C3B051E600BC000407B14 /* Actions.swift */ = {isa = PBXFileReference; fileEncoding = 4; lastKnownFileType = sourcecode.swift; path = Actions.swift; sourceTree = "<group>"; };
		C8F3719CC6650145A571F037 /* Pods-MGReSwiftDemo.release.xcconfig */ = {isa = PBXFileReference; includeInIndex = 1; lastKnownFileType = text.xcconfig; name = "Pods-MGReSwiftDemo.release.xcconfig"; path = "Pods/Target Support Files/Pods-MGReSwiftDemo/Pods-MGReSwiftDemo.release.xcconfig"; sourceTree = "<group>"; };
		D10D37C257A8B04FB85461A5 /* Pods_MGReSwiftDemo.framework */ = {isa = PBXFileReference; explicitFileType = wrapper.framework; includeInIndex = 0; path = Pods_MGReSwiftDemo.framework; sourceTree = BUILT_PRODUCTS_DIR; };
		F6D7EB86B847D4B83399427B /* Pods-MGReSwiftDemo.debug.xcconfig */ = {isa = PBXFileReference; includeInIndex = 1; lastKnownFileType = text.xcconfig; name = "Pods-MGReSwiftDemo.debug.xcconfig"; path = "Pods/Target Support Files/Pods-MGReSwiftDemo/Pods-MGReSwiftDemo.debug.xcconfig"; sourceTree = "<group>"; };
/* End PBXFileReference section */

/* Begin PBXFrameworksBuildPhase section */
		BC2A709E1E5ACCE50038B3F9 /* Frameworks */ = {
			isa = PBXFrameworksBuildPhase;
			buildActionMask = 2147483647;
			files = (
				B14C23BB97764F7632998520 /* Pods_MGReSwiftDemo.framework in Frameworks */,
			);
			runOnlyForDeploymentPostprocessing = 0;
		};
/* End PBXFrameworksBuildPhase section */

/* Begin PBXGroup section */
		3B208692941E5CE4618EC1CF /* Frameworks */ = {
			isa = PBXGroup;
			children = (
				D10D37C257A8B04FB85461A5 /* Pods_MGReSwiftDemo.framework */,
			);
			name = Frameworks;
			sourceTree = "<group>";
		};
		BC2A70981E5ACCE50038B3F9 = {
			isa = PBXGroup;
			children = (
				BC2A70A31E5ACCE50038B3F9 /* MGReSwiftDemo */,
				BC2A70A21E5ACCE50038B3F9 /* Products */,
				E4C29BFE4B8661195E88FADB /* Pods */,
				3B208692941E5CE4618EC1CF /* Frameworks */,
			);
			sourceTree = "<group>";
		};
		BC2A70A21E5ACCE50038B3F9 /* Products */ = {
			isa = PBXGroup;
			children = (
				BC2A70A11E5ACCE50038B3F9 /* MGReSwiftDemo.app */,
			);
			name = Products;
			sourceTree = "<group>";
		};
		BC2A70A31E5ACCE50038B3F9 /* MGReSwiftDemo */ = {
			isa = PBXGroup;
			children = (
				BC2C3B001E600B2B00407B14 /* Actions */,
				BC2C3AFF1E600B2600407B14 /* State */,
				BC2C3AFE1E600B1B00407B14 /* Reducers */,
				BC2A70B81E5AD6960038B3F9 /* Services */,
				BC2A70B71E5AD68F0038B3F9 /* Models */,
				BC2A70B61E5AD68A0038B3F9 /* UI */,
				BC2A70A41E5ACCE50038B3F9 /* AppDelegate.swift */,
				BC2A70A81E5ACCE50038B3F9 /* Main.storyboard */,
				BC2A70AB1E5ACCE50038B3F9 /* Assets.xcassets */,
				BC2A70AD1E5ACCE50038B3F9 /* LaunchScreen.storyboard */,
				BC2A70B01E5ACCE50038B3F9 /* Info.plist */,
			);
			path = MGReSwiftDemo;
			sourceTree = "<group>";
		};
		BC2A70B61E5AD68A0038B3F9 /* UI */ = {
			isa = PBXGroup;
			children = (
				BC2A70B91E5AD6B10038B3F9 /* ProductListViewController.swift */,
				BC2A70C11E5AD9950038B3F9 /* ProductDetailsViewController.swift */,
			);
			name = UI;
			sourceTree = "<group>";
		};
		BC2A70B71E5AD68F0038B3F9 /* Models */ = {
			isa = PBXGroup;
			children = (
				BC2A70BF1E5AD6DC0038B3F9 /* Product.swift */,
			);
			name = Models;
			sourceTree = "<group>";
		};
		BC2A70B81E5AD6960038B3F9 /* Services */ = {
			isa = PBXGroup;
			children = (
				BC2A70BD1E5AD6D50038B3F9 /* ProductDataStore.swift */,
			);
			name = Services;
			sourceTree = "<group>";
		};
		BC2C3AFE1E600B1B00407B14 /* Reducers */ = {
			isa = PBXGroup;
			children = (
				BC2C3B031E600B9400407B14 /* ProductReducer.swift */,
			);
			name = Reducers;
			sourceTree = "<group>";
		};
		BC2C3AFF1E600B2600407B14 /* State */ = {
			isa = PBXGroup;
			children = (
				BC2C3B011E600B5D00407B14 /* AppState.swift */,
			);
			name = State;
			sourceTree = "<group>";
		};
		BC2C3B001E600B2B00407B14 /* Actions */ = {
			isa = PBXGroup;
			children = (
				BC2C3B051E600BC000407B14 /* Actions.swift */,
			);
			name = Actions;
			sourceTree = "<group>";
		};
		E4C29BFE4B8661195E88FADB /* Pods */ = {
			isa = PBXGroup;
			children = (
				F6D7EB86B847D4B83399427B /* Pods-MGReSwiftDemo.debug.xcconfig */,
				C8F3719CC6650145A571F037 /* Pods-MGReSwiftDemo.release.xcconfig */,
			);
			name = Pods;
			sourceTree = "<group>";
		};
/* End PBXGroup section */

/* Begin PBXNativeTarget section */
		BC2A70A01E5ACCE50038B3F9 /* MGReSwiftDemo */ = {
			isa = PBXNativeTarget;
			buildConfigurationList = BC2A70B31E5ACCE50038B3F9 /* Build configuration list for PBXNativeTarget "MGReSwiftDemo" */;
			buildPhases = (
				257FD627BF962C4DE9DBD964 /* [CP] Check Pods Manifest.lock */,
				BC2A709D1E5ACCE50038B3F9 /* Sources */,
				BC2A709E1E5ACCE50038B3F9 /* Frameworks */,
				BC2A709F1E5ACCE50038B3F9 /* Resources */,
				4D657AF4040D46FB1987E099 /* [CP] Embed Pods Frameworks */,
				D2FE26ADC604D1C69FE44693 /* [CP] Copy Pods Resources */,
			);
			buildRules = (
			);
			dependencies = (
			);
			name = MGReSwiftDemo;
			productName = MGReSwiftDemo;
			productReference = BC2A70A11E5ACCE50038B3F9 /* MGReSwiftDemo.app */;
			productType = "com.apple.product-type.application";
		};
/* End PBXNativeTarget section */

/* Begin PBXProject section */
		BC2A70991E5ACCE50038B3F9 /* Project object */ = {
			isa = PBXProject;
			attributes = {
				LastSwiftUpdateCheck = 0820;
				LastUpgradeCheck = 0820;
				ORGANIZATIONNAME = "Tuan Truong";
				TargetAttributes = {
					BC2A70A01E5ACCE50038B3F9 = {
						CreatedOnToolsVersion = 8.2.1;
						DevelopmentTeam = NN74NJ78BB;
						ProvisioningStyle = Automatic;
					};
				};
			};
			buildConfigurationList = BC2A709C1E5ACCE50038B3F9 /* Build configuration list for PBXProject "MGReSwiftDemo" */;
			compatibilityVersion = "Xcode 3.2";
			developmentRegion = English;
			hasScannedForEncodings = 0;
			knownRegions = (
				en,
				Base,
			);
			mainGroup = BC2A70981E5ACCE50038B3F9;
			productRefGroup = BC2A70A21E5ACCE50038B3F9 /* Products */;
			projectDirPath = "";
			projectRoot = "";
			targets = (
				BC2A70A01E5ACCE50038B3F9 /* MGReSwiftDemo */,
			);
		};
/* End PBXProject section */

/* Begin PBXResourcesBuildPhase section */
		BC2A709F1E5ACCE50038B3F9 /* Resources */ = {
			isa = PBXResourcesBuildPhase;
			buildActionMask = 2147483647;
			files = (
				BC2A70AF1E5ACCE50038B3F9 /* LaunchScreen.storyboard in Resources */,
				BC2A70AC1E5ACCE50038B3F9 /* Assets.xcassets in Resources */,
				BC2A70AA1E5ACCE50038B3F9 /* Main.storyboard in Resources */,
			);
			runOnlyForDeploymentPostprocessing = 0;
		};
/* End PBXResourcesBuildPhase section */

/* Begin PBXShellScriptBuildPhase section */
		257FD627BF962C4DE9DBD964 /* [CP] Check Pods Manifest.lock */ = {
			isa = PBXShellScriptBuildPhase;
			buildActionMask = 2147483647;
			files = (
			);
			inputPaths = (
			);
			name = "[CP] Check Pods Manifest.lock";
			outputPaths = (
			);
			runOnlyForDeploymentPostprocessing = 0;
			shellPath = /bin/sh;
			shellScript = "diff \"${PODS_ROOT}/../Podfile.lock\" \"${PODS_ROOT}/Manifest.lock\" > /dev/null\nif [ $? != 0 ] ; then\n    # print error to STDERR\n    echo \"error: The sandbox is not in sync with the Podfile.lock. Run 'pod install' or update your CocoaPods installation.\" >&2\n    exit 1\nfi\n";
			showEnvVarsInLog = 0;
		};
		4D657AF4040D46FB1987E099 /* [CP] Embed Pods Frameworks */ = {
			isa = PBXShellScriptBuildPhase;
			buildActionMask = 2147483647;
			files = (
			);
			inputPaths = (
			);
			name = "[CP] Embed Pods Frameworks";
			outputPaths = (
			);
			runOnlyForDeploymentPostprocessing = 0;
			shellPath = /bin/sh;
			shellScript = "\"${SRCROOT}/Pods/Target Support Files/Pods-MGReSwiftDemo/Pods-MGReSwiftDemo-frameworks.sh\"\n";
			showEnvVarsInLog = 0;
		};
		D2FE26ADC604D1C69FE44693 /* [CP] Copy Pods Resources */ = {
			isa = PBXShellScriptBuildPhase;
			buildActionMask = 2147483647;
			files = (
			);
			inputPaths = (
			);
			name = "[CP] Copy Pods Resources";
			outputPaths = (
			);
			runOnlyForDeploymentPostprocessing = 0;
			shellPath = /bin/sh;
			shellScript = "\"${SRCROOT}/Pods/Target Support Files/Pods-MGReSwiftDemo/Pods-MGReSwiftDemo-resources.sh\"\n";
			showEnvVarsInLog = 0;
		};
/* End PBXShellScriptBuildPhase section */

/* Begin PBXSourcesBuildPhase section */
		BC2A709D1E5ACCE50038B3F9 /* Sources */ = {
			isa = PBXSourcesBuildPhase;
			buildActionMask = 2147483647;
			files = (
				BC2A70BA1E5AD6B10038B3F9 /* ProductListViewController.swift in Sources */,
				BC2C3B061E600BC000407B14 /* Actions.swift in Sources */,
				BC2A70BE1E5AD6D50038B3F9 /* ProductDataStore.swift in Sources */,
				BC2A70A51E5ACCE50038B3F9 /* AppDelegate.swift in Sources */,
				BC2C3B021E600B5D00407B14 /* AppState.swift in Sources */,
				BC2A70C21E5AD9950038B3F9 /* ProductDetailsViewController.swift in Sources */,
				BC2A70C01E5AD6DC0038B3F9 /* Product.swift in Sources */,
				BC2C3B041E600B9400407B14 /* ProductReducer.swift in Sources */,
			);
			runOnlyForDeploymentPostprocessing = 0;
		};
/* End PBXSourcesBuildPhase section */

/* Begin PBXVariantGroup section */
		BC2A70A81E5ACCE50038B3F9 /* Main.storyboard */ = {
			isa = PBXVariantGroup;
			children = (
				BC2A70A91E5ACCE50038B3F9 /* Base */,
			);
			name = Main.storyboard;
			sourceTree = "<group>";
		};
		BC2A70AD1E5ACCE50038B3F9 /* LaunchScreen.storyboard */ = {
			isa = PBXVariantGroup;
			children = (
				BC2A70AE1E5ACCE50038B3F9 /* Base */,
			);
			name = LaunchScreen.storyboard;
			sourceTree = "<group>";
		};
/* End PBXVariantGroup section */

/* Begin XCBuildConfiguration section */
		BC2A70B11E5ACCE50038B3F9 /* Debug */ = {
			isa = XCBuildConfiguration;
			buildSettings = {
				ALWAYS_SEARCH_USER_PATHS = NO;
				CLANG_ANALYZER_NONNULL = YES;
				CLANG_CXX_LANGUAGE_STANDARD = "gnu++0x";
				CLANG_CXX_LIBRARY = "libc++";
				CLANG_ENABLE_MODULES = YES;
				CLANG_ENABLE_OBJC_ARC = YES;
				CLANG_WARN_BOOL_CONVERSION = YES;
				CLANG_WARN_CONSTANT_CONVERSION = YES;
				CLANG_WARN_DIRECT_OBJC_ISA_USAGE = YES_ERROR;
				CLANG_WARN_DOCUMENTATION_COMMENTS = YES;
				CLANG_WARN_EMPTY_BODY = YES;
				CLANG_WARN_ENUM_CONVERSION = YES;
				CLANG_WARN_INFINITE_RECURSION = YES;
				CLANG_WARN_INT_CONVERSION = YES;
				CLANG_WARN_OBJC_ROOT_CLASS = YES_ERROR;
				CLANG_WARN_SUSPICIOUS_MOVE = YES;
				CLANG_WARN_UNREACHABLE_CODE = YES;
				CLANG_WARN__DUPLICATE_METHOD_MATCH = YES;
				"CODE_SIGN_IDENTITY[sdk=iphoneos*]" = "iPhone Developer";
				COPY_PHASE_STRIP = NO;
				DEBUG_INFORMATION_FORMAT = dwarf;
				ENABLE_STRICT_OBJC_MSGSEND = YES;
				ENABLE_TESTABILITY = YES;
				GCC_C_LANGUAGE_STANDARD = gnu99;
				GCC_DYNAMIC_NO_PIC = NO;
				GCC_NO_COMMON_BLOCKS = YES;
				GCC_OPTIMIZATION_LEVEL = 0;
				GCC_PREPROCESSOR_DEFINITIONS = (
					"DEBUG=1",
					"$(inherited)",
				);
				GCC_WARN_64_TO_32_BIT_CONVERSION = YES;
				GCC_WARN_ABOUT_RETURN_TYPE = YES_ERROR;
				GCC_WARN_UNDECLARED_SELECTOR = YES;
				GCC_WARN_UNINITIALIZED_AUTOS = YES_AGGRESSIVE;
				GCC_WARN_UNUSED_FUNCTION = YES;
				GCC_WARN_UNUSED_VARIABLE = YES;
				IPHONEOS_DEPLOYMENT_TARGET = 10.2;
				MTL_ENABLE_DEBUG_INFO = YES;
				ONLY_ACTIVE_ARCH = YES;
				SDKROOT = iphoneos;
				SWIFT_ACTIVE_COMPILATION_CONDITIONS = DEBUG;
				SWIFT_OPTIMIZATION_LEVEL = "-Onone";
				TARGETED_DEVICE_FAMILY = "1,2";
			};
			name = Debug;
		};
		BC2A70B21E5ACCE50038B3F9 /* Release */ = {
			isa = XCBuildConfiguration;
			buildSettings = {
				ALWAYS_SEARCH_USER_PATHS = NO;
				CLANG_ANALYZER_NONNULL = YES;
				CLANG_CXX_LANGUAGE_STANDARD = "gnu++0x";
				CLANG_CXX_LIBRARY = "libc++";
				CLANG_ENABLE_MODULES = YES;
				CLANG_ENABLE_OBJC_ARC = YES;
				CLANG_WARN_BOOL_CONVERSION = YES;
				CLANG_WARN_CONSTANT_CONVERSION = YES;
				CLANG_WARN_DIRECT_OBJC_ISA_USAGE = YES_ERROR;
				CLANG_WARN_DOCUMENTATION_COMMENTS = YES;
				CLANG_WARN_EMPTY_BODY = YES;
				CLANG_WARN_ENUM_CONVERSION = YES;
				CLANG_WARN_INFINITE_RECURSION = YES;
				CLANG_WARN_INT_CONVERSION = YES;
				CLANG_WARN_OBJC_ROOT_CLASS = YES_ERROR;
				CLANG_WARN_SUSPICIOUS_MOVE = YES;
				CLANG_WARN_UNREACHABLE_CODE = YES;
				CLANG_WARN__DUPLICATE_METHOD_MATCH = YES;
				"CODE_SIGN_IDENTITY[sdk=iphoneos*]" = "iPhone Developer";
				COPY_PHASE_STRIP = NO;
				DEBUG_INFORMATION_FORMAT = "dwarf-with-dsym";
				ENABLE_NS_ASSERTIONS = NO;
				ENABLE_STRICT_OBJC_MSGSEND = YES;
				GCC_C_LANGUAGE_STANDARD = gnu99;
				GCC_NO_COMMON_BLOCKS = YES;
				GCC_WARN_64_TO_32_BIT_CONVERSION = YES;
				GCC_WARN_ABOUT_RETURN_TYPE = YES_ERROR;
				GCC_WARN_UNDECLARED_SELECTOR = YES;
				GCC_WARN_UNINITIALIZED_AUTOS = YES_AGGRESSIVE;
				GCC_WARN_UNUSED_FUNCTION = YES;
				GCC_WARN_UNUSED_VARIABLE = YES;
				IPHONEOS_DEPLOYMENT_TARGET = 10.2;
				MTL_ENABLE_DEBUG_INFO = NO;
				SDKROOT = iphoneos;
				SWIFT_OPTIMIZATION_LEVEL = "-Owholemodule";
				TARGETED_DEVICE_FAMILY = "1,2";
				VALIDATE_PRODUCT = YES;
			};
			name = Release;
		};
		BC2A70B41E5ACCE50038B3F9 /* Debug */ = {
			isa = XCBuildConfiguration;
			baseConfigurationReference = F6D7EB86B847D4B83399427B /* Pods-MGReSwiftDemo.debug.xcconfig */;
			buildSettings = {
				ASSETCATALOG_COMPILER_APPICON_NAME = AppIcon;
				DEVELOPMENT_TEAM = NN74NJ78BB;
				INFOPLIST_FILE = MGReSwiftDemo/Info.plist;
				LD_RUNPATH_SEARCH_PATHS = "$(inherited) @executable_path/Frameworks";
				PRODUCT_BUNDLE_IDENTIFIER = truong.tuan.MGReSwiftDemo;
				PRODUCT_NAME = "$(TARGET_NAME)";
				SWIFT_VERSION = 3.0;
			};
			name = Debug;
		};
		BC2A70B51E5ACCE50038B3F9 /* Release */ = {
			isa = XCBuildConfiguration;
			baseConfigurationReference = C8F3719CC6650145A571F037 /* Pods-MGReSwiftDemo.release.xcconfig */;
			buildSettings = {
				ASSETCATALOG_COMPILER_APPICON_NAME = AppIcon;
				DEVELOPMENT_TEAM = NN74NJ78BB;
				INFOPLIST_FILE = MGReSwiftDemo/Info.plist;
				LD_RUNPATH_SEARCH_PATHS = "$(inherited) @executable_path/Frameworks";
				PRODUCT_BUNDLE_IDENTIFIER = truong.tuan.MGReSwiftDemo;
				PRODUCT_NAME = "$(TARGET_NAME)";
				SWIFT_VERSION = 3.0;
			};
			name = Release;
		};
/* End XCBuildConfiguration section */

/* Begin XCConfigurationList section */
		BC2A709C1E5ACCE50038B3F9 /* Build configuration list for PBXProject "MGReSwiftDemo" */ = {
			isa = XCConfigurationList;
			buildConfigurations = (
				BC2A70B11E5ACCE50038B3F9 /* Debug */,
				BC2A70B21E5ACCE50038B3F9 /* Release */,
			);
			defaultConfigurationIsVisible = 0;
			defaultConfigurationName = Release;
		};
		BC2A70B31E5ACCE50038B3F9 /* Build configuration list for PBXNativeTarget "MGReSwiftDemo" */ = {
			isa = XCConfigurationList;
			buildConfigurations = (
				BC2A70B41E5ACCE50038B3F9 /* Debug */,
				BC2A70B51E5ACCE50038B3F9 /* Release */,
			);
			defaultConfigurationIsVisible = 0;
			defaultConfigurationName = Release;
		};
/* End XCConfigurationList section */
	};
	rootObject = BC2A70991E5ACCE50038B3F9 /* Project object */;
}
